
Microsoft Visual Studio Solution File, Format Version 12.00
# Visual Studio 15
VisualStudioVersion = 15.0.28307.329
MinimumVisualStudioVersion = 10.0.40219.1
Project("{FAE04EC0-301F-11D3-BF4B-00C04F79EFBC}") = "EmpRegASPNetCoreMvcCrud", "EmpRegASPNetCoreMvcCrud\EmpRegASPNetCoreMvcCrud.csproj", "{C1386BB5-C777-44CB-A730-83BF4BDD3BF9}"
EndProject
Global
	GlobalSection(SolutionConfigurationPlatforms) = preSolution
		Debug|Any CPU = Debug|Any CPU
		Release|Any CPU = Release|Any CPU
	EndGlobalSection
	GlobalSection(ProjectConfigurationPlatforms) = postSolution
		{C1386BB5-C777-44CB-A730-83BF4BDD3BF9}.Debug|Any CPU.ActiveCfg = Debug|Any CPU
		{C1386BB5-C777-44CB-A730-83BF4BDD3BF9}.Debug|Any CPU.Build.0 = Debug|Any CPU
		{C1386BB5-C777-44CB-A730-83BF4BDD3BF9}.Release|Any CPU.ActiveCfg = Release|Any CPU
		{C1386BB5-C777-44CB-A730-83BF4BDD3BF9}.Release|Any CPU.Build.0 = Release|Any CPU
	EndGlobalSection
	GlobalSection(SolutionProperties) = preSolution
		HideSolutionNode = FALSE
	EndGlobalSection
	GlobalSection(ExtensibilityGlobals) = postSolution
		SolutionGuid = {7C7EE8EB-C862-4A20-B5F2-75A2FF360687}
	EndGlobalSection
EndGlobal
